
Microsoft Visual Studio Solution File, Format Version 12.00
# Visual Studio 15
VisualStudioVersion = 15.0.27004.2002
MinimumVisualStudioVersion = 10.0.40219.1
Project("{FAE04EC0-301F-11D3-BF4B-00C04F79EFBC}") = "SnakeGame", "SnakeGame\SnakeGame.csproj", "{DDE39A7B-8D3B-4214-9837-34C7E3093641}"
EndProject
Global
	GlobalSection(SolutionConfigurationPlatforms) = preSolution
		Debug|Any CPU = Debug|Any CPU
		Release|Any CPU = Release|Any CPU
	EndGlobalSection
	GlobalSection(ProjectConfigurationPlatforms) = postSolution
		{DDE39A7B-8D3B-4214-9837-34C7E3093641}.Debug|Any CPU.ActiveCfg = Debug|Any CPU
		{DDE39A7B-8D3B-4214-9837-34C7E3093641}.Debug|Any CPU.Build.0 = Debug|Any CPU
		{DDE39A7B-8D3B-4214-9837-34C7E3093641}.Release|Any CPU.ActiveCfg = Release|Any CPU
		{DDE39A7B-8D3B-4214-9837-34C7E3093641}.Release|Any CPU.Build.0 = Release|Any CPU
	EndGlobalSection
	GlobalSection(SolutionProperties) = preSolution
		HideSolutionNode = FALSE
	EndGlobalSection
	GlobalSection(ExtensibilityGlobals) = postSolution
		SolutionGuid = {11F0B461-BD04-41A9-AE7D-4394F9E9C4DA}
	EndGlobalSection
EndGlobal
